
Microsoft Visual Studio Solution File, Format Version 12.00
# Visual Studio Version 16
VisualStudioVersion = 16.0.30011.22
MinimumVisualStudioVersion = 10.0.40219.1
Project("{FAE04EC0-301F-11D3-BF4B-00C04F79EFBC}") = "FlashcardManager", "FlashcardManager\FlashcardManager.csproj", "{9B870917-A2F3-469F-9564-9EF15E2DD9D7}"
EndProject
Global
	GlobalSection(SolutionConfigurationPlatforms) = preSolution
		Debug|Any CPU = Debug|Any CPU
		Release|Any CPU = Release|Any CPU
	EndGlobalSection
	GlobalSection(ProjectConfigurationPlatforms) = postSolution
		{9B870917-A2F3-469F-9564-9EF15E2DD9D7}.Debug|Any CPU.ActiveCfg = Debug|Any CPU
		{9B870917-A2F3-469F-9564-9EF15E2DD9D7}.Debug|Any CPU.Build.0 = Debug|Any CPU
		{9B870917-A2F3-469F-9564-9EF15E2DD9D7}.Release|Any CPU.ActiveCfg = Release|Any CPU
		{9B870917-A2F3-469F-9564-9EF15E2DD9D7}.Release|Any CPU.Build.0 = Release|Any CPU
	EndGlobalSection
	GlobalSection(SolutionProperties) = preSolution
		HideSolutionNode = FALSE
	EndGlobalSection
	GlobalSection(ExtensibilityGlobals) = postSolution
		SolutionGuid = {5A268AE3-49B8-4D52-AFE9-1A88084F080C}
	EndGlobalSection
EndGlobal
